
Microsoft Visual Studio Solution File, Format Version 12.00
# Visual Studio 15
VisualStudioVersion = 15.0.26430.13
MinimumVisualStudioVersion = 10.0.40219.1
Project("{FAE04EC0-301F-11D3-BF4B-00C04F79EFBC}") = "DroneLander.Android", "DroneLander\DroneLander.Android\DroneLander.Android.csproj", "{9793279E-E25F-4024-A0E4-02C7BEF5CD38}"
EndProject
Project("{FAE04EC0-301F-11D3-BF4B-00C04F79EFBC}") = "DroneLander", "DroneLander\DroneLander\DroneLander.csproj", "{9CCE2CB2-A59A-48C6-A444-43FB2E2F7F9C}"
EndProject
Project("{FAE04EC0-301F-11D3-BF4B-00C04F79EFBC}") = "DroneLander.UWP", "DroneLander\DroneLander.UWP\DroneLander.UWP.csproj", "{EFCFF20B-5D23-48F1-A3F7-94801825A912}"
EndProject
Project("{FAE04EC0-301F-11D3-BF4B-00C04F79EFBC}") = "DroneLander.iOS", "DroneLander\DroneLander.iOS\DroneLander.iOS.csproj", "{325AFA03-E26B-49AB-9D88-F05871FEA1FB}"
EndProject
Global
	GlobalSection(SolutionConfigurationPlatforms) = preSolution
		Ad-Hoc|Any CPU = Ad-Hoc|Any CPU
		Ad-Hoc|ARM = Ad-Hoc|ARM
		Ad-Hoc|iPhone = Ad-Hoc|iPhone
		Ad-Hoc|iPhoneSimulator = Ad-Hoc|iPhoneSimulator
		Ad-Hoc|x64 = Ad-Hoc|x64
		Ad-Hoc|x86 = Ad-Hoc|x86
		AppStore|Any CPU = AppStore|Any CPU
		AppStore|ARM = AppStore|ARM
		AppStore|iPhone = AppStore|iPhone
		AppStore|iPhoneSimulator = AppStore|iPhoneSimulator
		AppStore|x64 = AppStore|x64
		AppStore|x86 = AppStore|x86
		Debug|Any CPU = Debug|Any CPU
		Debug|ARM = Debug|ARM
		Debug|iPhone = Debug|iPhone
		Debug|iPhoneSimulator = Debug|iPhoneSimulator
		Debug|x64 = Debug|x64
		Debug|x86 = Debug|x86
		Release|Any CPU = Release|Any CPU
		Release|ARM = Release|ARM
		Release|iPhone = Release|iPhone
		Release|iPhoneSimulator = Release|iPhoneSimulator
		Release|x64 = Release|x64
		Release|x86 = Release|x86
	EndGlobalSection
	GlobalSection(ProjectConfigurationPlatforms) = postSolution
		{9793279E-E25F-4024-A0E4-02C7BEF5CD38}.Ad-Hoc|Any CPU.ActiveCfg = Release|Any CPU
		{9793279E-E25F-4024-A0E4-02C7BEF5CD38}.Ad-Hoc|Any CPU.Build.0 = Release|Any CPU
		{9793279E-E25F-4024-A0E4-02C7BEF5CD38}.Ad-Hoc|Any CPU.Deploy.0 = Release|Any CPU
		{9793279E-E25F-4024-A0E4-02C7BEF5CD38}.Ad-Hoc|ARM.ActiveCfg = Release|Any CPU
		{9793279E-E25F-4024-A0E4-02C7BEF5CD38}.Ad-Hoc|ARM.Build.0 = Release|Any CPU
		{9793279E-E25F-4024-A0E4-02C7BEF5CD38}.Ad-Hoc|ARM.Deploy.0 = Release|Any CPU
		{9793279E-E25F-4024-A0E4-02C7BEF5CD38}.Ad-Hoc|iPhone.ActiveCfg = Release|Any CPU
		{9793279E-E25F-4024-A0E4-02C7BEF5CD38}.Ad-Hoc|iPhone.Build.0 = Release|Any CPU
		{9793279E-E25F-4024-A0E4-02C7BEF5CD38}.Ad-Hoc|iPhone.Deploy.0 = Release|Any CPU
		{9793279E-E25F-4024-A0E4-02C7BEF5CD38}.Ad-Hoc|iPhoneSimulator.ActiveCfg = Release|Any CPU
		{9793279E-E25F-4024-A0E4-02C7BEF5CD38}.Ad-Hoc|iPhoneSimulator.Build.0 = Release|Any CPU
		{9793279E-E25F-4024-A0E4-02C7BEF5CD38}.Ad-Hoc|iPhoneSimulator.Deploy.0 = Release|Any CPU
		{9793279E-E25F-4024-A0E4-02C7BEF5CD38}.Ad-Hoc|x64.ActiveCfg = Release|Any CPU
		{9793279E-E25F-4024-A0E4-02C7BEF5CD38}.Ad-Hoc|x64.Build.0 = Release|Any CPU
		{9793279E-E25F-4024-A0E4-02C7BEF5CD38}.Ad-Hoc|x64.Deploy.0 = Release|Any CPU
		{9793279E-E25F-4024-A0E4-02C7BEF5CD38}.Ad-Hoc|x86.ActiveCfg = Release|Any CPU
		{9793279E-E25F-4024-A0E4-02C7BEF5CD38}.Ad-Hoc|x86.Build.0 = Release|Any CPU
		{9793279E-E25F-4024-A0E4-02C7BEF5CD38}.Ad-Hoc|x86.Deploy.0 = Release|Any CPU
		{9793279E-E25F-4024-A0E4-02C7BEF5CD38}.AppStore|Any CPU.ActiveCfg = Release|Any CPU
		{9793279E-E25F-4024-A0E4-02C7BEF5CD38}.AppStore|Any CPU.Build.0 = Release|Any CPU
		{9793279E-E25F-4024-A0E4-02C7BEF5CD38}.AppStore|Any CPU.Deploy.0 = Release|Any CPU
		{9793279E-E25F-4024-A0E4-02C7BEF5CD38}.AppStore|ARM.ActiveCfg = Release|Any CPU
		{9793279E-E25F-4024-A0E4-02C7BEF5CD38}.AppStore|ARM.Build.0 = Release|Any CPU
		{9793279E-E25F-4024-A0E4-02C7BEF5CD38}.AppStore|ARM.Deploy.0 = Release|Any CPU
		{9793279E-E25F-4024-A0E4-02C7BEF5CD38}.AppStore|iPhone.ActiveCfg = Release|Any CPU
		{9793279E-E25F-4024-A0E4-02C7BEF5CD38}.AppStore|iPhone.Build.0 = Release|Any CPU
		{9793279E-E25F-4024-A0E4-02C7BEF5CD38}.AppStore|iPhone.Deploy.0 = Release|Any CPU
		{9793279E-E25F-4024-A0E4-02C7BEF5CD38}.AppStore|iPhoneSimulator.ActiveCfg = Release|Any CPU
		{9793279E-E25F-4024-A0E4-02C7BEF5CD38}.AppStore|iPhoneSimulator.Build.0 = Release|Any CPU
		{9793279E-E25F-4024-A0E4-02C7BEF5CD38}.AppStore|iPhoneSimulator.Deploy.0 = Release|Any CPU
		{9793279E-E25F-4024-A0E4-02C7BEF5CD38}.AppStore|x64.ActiveCfg = Release|Any CPU
		{9793279E-E25F-4024-A0E4-02C7BEF5CD38}.AppStore|x64.Build.0 = Release|Any CPU
		{9793279E-E25F-4024-A0E4-02C7BEF5CD38}.AppStore|x64.Deploy.0 = Release|Any CPU
		{9793279E-E25F-4024-A0E4-02C7BEF5CD38}.AppStore|x86.ActiveCfg = Release|Any CPU
		{9793279E-E25F-4024-A0E4-02C7BEF5CD38}.AppStore|x86.Build.0 = Release|Any CPU
		{9793279E-E25F-4024-A0E4-02C7BEF5CD38}.AppStore|x86.Deploy.0 = Release|Any CPU
		{9793279E-E25F-4024-A0E4-02C7BEF5CD38}.Debug|Any CPU.ActiveCfg = Debug|Any CPU
		{9793279E-E25F-4024-A0E4-02C7BEF5CD38}.Debug|Any CPU.Build.0 = Debug|Any CPU
		{9793279E-E25F-4024-A0E4-02C7BEF5CD38}.Debug|Any CPU.Deploy.0 = Debug|Any CPU
		{9793279E-E25F-4024-A0E4-02C7BEF5CD38}.Debug|ARM.ActiveCfg = Debug|Any CPU
		{9793279E-E25F-4024-A0E4-02C7BEF5CD38}.Debug|ARM.Build.0 = Debug|Any CPU
		{9793279E-E25F-4024-A0E4-02C7BEF5CD38}.Debug|ARM.Deploy.0 = Debug|Any CPU
		{9793279E-E25F-4024-A0E4-02C7BEF5CD38}.Debug|iPhone.ActiveCfg = Debug|Any CPU
		{9793279E-E25F-4024-A0E4-02C7BEF5CD38}.Debug|iPhone.Build.0 = Debug|Any CPU
		{9793279E-E25F-4024-A0E4-02C7BEF5CD38}.Debug|iPhone.Deploy.0 = Debug|Any CPU
		{9793279E-E25F-4024-A0E4-02C7BEF5CD38}.Debug|iPhoneSimulator.ActiveCfg = Debug|Any CPU
		{9793279E-E25F-4024-A0E4-02C7BEF5CD38}.Debug|iPhoneSimulator.Build.0 = Debug|Any CPU
		{9793279E-E25F-4024-A0E4-02C7BEF5CD38}.Debug|iPhoneSimulator.Deploy.0 = Debug|Any CPU
		{9793279E-E25F-4024-A0E4-02C7BEF5CD38}.Debug|x64.ActiveCfg = Debug|Any CPU
		{9793279E-E25F-4024-A0E4-02C7BEF5CD38}.Debug|x64.Build.0 = Debug|Any CPU
		{9793279E-E25F-4024-A0E4-02C7BEF5CD38}.Debug|x64.Deploy.0 = Debug|Any CPU
		{9793279E-E25F-4024-A0E4-02C7BEF5CD38}.Debug|x86.ActiveCfg = Debug|Any CPU
		{9793279E-E25F-4024-A0E4-02C7BEF5CD38}.Debug|x86.Build.0 = Debug|Any CPU
		{9793279E-E25F-4024-A0E4-02C7BEF5CD38}.Debug|x86.Deploy.0 = Debug|Any CPU
		{9793279E-E25F-4024-A0E4-02C7BEF5CD38}.Release|Any CPU.ActiveCfg = Release|Any CPU
		{9793279E-E25F-4024-A0E4-02C7BEF5CD38}.Release|Any CPU.Build.0 = Release|Any CPU
		{9793279E-E25F-4024-A0E4-02C7BEF5CD38}.Release|Any CPU.Deploy.0 = Release|Any CPU
		{9793279E-E25F-4024-A0E4-02C7BEF5CD38}.Release|ARM.ActiveCfg = Release|Any CPU
		{9793279E-E25F-4024-A0E4-02C7BEF5CD38}.Release|ARM.Build.0 = Release|Any CPU
		{9793279E-E25F-4024-A0E4-02C7BEF5CD38}.Release|ARM.Deploy.0 = Release|Any CPU
		{9793279E-E25F-4024-A0E4-02C7BEF5CD38}.Release|iPhone.ActiveCfg = Release|Any CPU
		{9793279E-E25F-4024-A0E4-02C7BEF5CD38}.Release|iPhone.Build.0 = Release|Any CPU
		{9793279E-E25F-4024-A0E4-02C7BEF5CD38}.Release|iPhone.Deploy.0 = Release|Any CPU
		{9793279E-E25F-4024-A0E4-02C7BEF5CD38}.Release|iPhoneSimulator.ActiveCfg = Release|Any CPU
		{9793279E-E25F-4024-A0E4-02C7BEF5CD38}.Release|iPhoneSimulator.Build.0 = Release|Any CPU
		{9793279E-E25F-4024-A0E4-02C7BEF5CD38}.Release|iPhoneSimulator.Deploy.0 = Release|Any CPU
		{9793279E-E25F-4024-A0E4-02C7BEF5CD38}.Release|x64.ActiveCfg = Release|Any CPU
		{9793279E-E25F-4024-A0E4-02C7BEF5CD38}.Release|x64.Build.0 = Release|Any CPU
		{9793279E-E25F-4024-A0E4-02C7BEF5CD38}.Release|x64.Deploy.0 = Release|Any CPU
		{9793279E-E25F-4024-A0E4-02C7BEF5CD38}.Release|x86.ActiveCfg = Release|Any CPU
		{9793279E-E25F-4024-A0E4-02C7BEF5CD38}.Release|x86.Build.0 = Release|Any CPU
		{9793279E-E25F-4024-A0E4-02C7BEF5CD38}.Release|x86.Deploy.0 = Release|Any CPU
		{9CCE2CB2-A59A-48C6-A444-43FB2E2F7F9C}.Ad-Hoc|Any CPU.ActiveCfg = Release|Any CPU
		{9CCE2CB2-A59A-48C6-A444-43FB2E2F7F9C}.Ad-Hoc|Any CPU.Build.0 = Release|Any CPU
		{9CCE2CB2-A59A-48C6-A444-43FB2E2F7F9C}.Ad-Hoc|ARM.ActiveCfg = Release|Any CPU
		{9CCE2CB2-A59A-48C6-A444-43FB2E2F7F9C}.Ad-Hoc|ARM.Build.0 = Release|Any CPU
		{9CCE2CB2-A59A-48C6-A444-43FB2E2F7F9C}.Ad-Hoc|iPhone.ActiveCfg = Release|Any CPU
		{9CCE2CB2-A59A-48C6-A444-43FB2E2F7F9C}.Ad-Hoc|iPhone.Build.0 = Release|Any CPU
		{9CCE2CB2-A59A-48C6-A444-43FB2E2F7F9C}.Ad-Hoc|iPhoneSimulator.ActiveCfg = Release|Any CPU
		{9CCE2CB2-A59A-48C6-A444-43FB2E2F7F9C}.Ad-Hoc|iPhoneSimulator.Build.0 = Release|Any CPU
		{9CCE2CB2-A59A-48C6-A444-43FB2E2F7F9C}.Ad-Hoc|x64.ActiveCfg = Release|Any CPU
		{9CCE2CB2-A59A-48C6-A444-43FB2E2F7F9C}.Ad-Hoc|x64.Build.0 = Release|Any CPU
		{9CCE2CB2-A59A-48C6-A444-43FB2E2F7F9C}.Ad-Hoc|x86.ActiveCfg = Release|Any CPU
		{9CCE2CB2-A59A-48C6-A444-43FB2E2F7F9C}.Ad-Hoc|x86.Build.0 = Release|Any CPU
		{9CCE2CB2-A59A-48C6-A444-43FB2E2F7F9C}.AppStore|Any CPU.ActiveCfg = Release|Any CPU
		{9CCE2CB2-A59A-48C6-A444-43FB2E2F7F9C}.AppStore|Any CPU.Build.0 = Release|Any CPU
		{9CCE2CB2-A59A-48C6-A444-43FB2E2F7F9C}.AppStore|ARM.ActiveCfg = Release|Any CPU
		{9CCE2CB2-A59A-48C6-A444-43FB2E2F7F9C}.AppStore|ARM.Build.0 = Release|Any CPU
		{9CCE2CB2-A59A-48C6-A444-43FB2E2F7F9C}.AppStore|iPhone.ActiveCfg = Release|Any CPU
		{9CCE2CB2-A59A-48C6-A444-43FB2E2F7F9C}.AppStore|iPhone.Build.0 = Release|Any CPU
		{9CCE2CB2-A59A-48C6-A444-43FB2E2F7F9C}.AppStore|iPhoneSimulator.ActiveCfg = Release|Any CPU
		{9CCE2CB2-A59A-48C6-A444-43FB2E2F7F9C}.AppStore|iPhoneSimulator.Build.0 = Release|Any CPU
		{9CCE2CB2-A59A-48C6-A444-43FB2E2F7F9C}.AppStore|x64.ActiveCfg = Release|Any CPU
		{9CCE2CB2-A59A-48C6-A444-43FB2E2F7F9C}.AppStore|x64.Build.0 = Release|Any CPU
		{9CCE2CB2-A59A-48C6-A444-43FB2E2F7F9C}.AppStore|x86.ActiveCfg = Release|Any CPU
		{9CCE2CB2-A59A-48C6-A444-43FB2E2F7F9C}.AppStore|x86.Build.0 = Release|Any CPU
		{9CCE2CB2-A59A-48C6-A444-43FB2E2F7F9C}.Debug|Any CPU.ActiveCfg = Debug|Any CPU
		{9CCE2CB2-A59A-48C6-A444-43FB2E2F7F9C}.Debug|Any CPU.Build.0 = Debug|Any CPU
		{9CCE2CB2-A59A-48C6-A444-43FB2E2F7F9C}.Debug|ARM.ActiveCfg = Debug|Any CPU
		{9CCE2CB2-A59A-48C6-A444-43FB2E2F7F9C}.Debug|ARM.Build.0 = Debug|Any CPU
		{9CCE2CB2-A59A-48C6-A444-43FB2E2F7F9C}.Debug|iPhone.ActiveCfg = Debug|Any CPU
		{9CCE2CB2-A59A-48C6-A444-43FB2E2F7F9C}.Debug|iPhone.Build.0 = Debug|Any CPU
		{9CCE2CB2-A59A-48C6-A444-43FB2E2F7F9C}.Debug|iPhoneSimulator.ActiveCfg = Debug|Any CPU
		{9CCE2CB2-A59A-48C6-A444-43FB2E2F7F9C}.Debug|iPhoneSimulator.Build.0 = Debug|Any CPU
		{9CCE2CB2-A59A-48C6-A444-43FB2E2F7F9C}.Debug|x64.ActiveCfg = Debug|Any CPU
		{9CCE2CB2-A59A-48C6-A444-43FB2E2F7F9C}.Debug|x64.Build.0 = Debug|Any CPU
		{9CCE2CB2-A59A-48C6-A444-43FB2E2F7F9C}.Debug|x86.ActiveCfg = Debug|Any CPU
		{9CCE2CB2-A59A-48C6-A444-43FB2E2F7F9C}.Debug|x86.Build.0 = Debug|Any CPU
		{9CCE2CB2-A59A-48C6-A444-43FB2E2F7F9C}.Release|Any CPU.ActiveCfg = Release|Any CPU
		{9CCE2CB2-A59A-48C6-A444-43FB2E2F7F9C}.Release|Any CPU.Build.0 = Release|Any CPU
		{9CCE2CB2-A59A-48C6-A444-43FB2E2F7F9C}.Release|ARM.ActiveCfg = Release|Any CPU
		{9CCE2CB2-A59A-48C6-A444-43FB2E2F7F9C}.Release|ARM.Build.0 = Release|Any CPU
		{9CCE2CB2-A59A-48C6-A444-43FB2E2F7F9C}.Release|iPhone.ActiveCfg = Release|Any CPU
		{9CCE2CB2-A59A-48C6-A444-43FB2E2F7F9C}.Release|iPhone.Build.0 = Release|Any CPU
		{9CCE2CB2-A59A-48C6-A444-43FB2E2F7F9C}.Release|iPhoneSimulator.ActiveCfg = Release|Any CPU
		{9CCE2CB2-A59A-48C6-A444-43FB2E2F7F9C}.Release|iPhoneSimulator.Build.0 = Release|Any CPU
		{9CCE2CB2-A59A-48C6-A444-43FB2E2F7F9C}.Release|x64.ActiveCfg = Release|Any CPU
		{9CCE2CB2-A59A-48C6-A444-43FB2E2F7F9C}.Release|x64.Build.0 = Release|Any CPU
		{9CCE2CB2-A59A-48C6-A444-43FB2E2F7F9C}.Release|x86.ActiveCfg = Release|Any CPU
		{9CCE2CB2-A59A-48C6-A444-43FB2E2F7F9C}.Release|x86.Build.0 = Release|Any CPU
		{EFCFF20B-5D23-48F1-A3F7-94801825A912}.Ad-Hoc|Any CPU.ActiveCfg = Release|x86
		{EFCFF20B-5D23-48F1-A3F7-94801825A912}.Ad-Hoc|Any CPU.Build.0 = Release|x86
		{EFCFF20B-5D23-48F1-A3F7-94801825A912}.Ad-Hoc|Any CPU.Deploy.0 = Release|x86
		{EFCFF20B-5D23-48F1-A3F7-94801825A912}.Ad-Hoc|ARM.ActiveCfg = Release|ARM
		{EFCFF20B-5D23-48F1-A3F7-94801825A912}.Ad-Hoc|ARM.Build.0 = Release|ARM
		{EFCFF20B-5D23-48F1-A3F7-94801825A912}.Ad-Hoc|ARM.Deploy.0 = Release|ARM
		{EFCFF20B-5D23-48F1-A3F7-94801825A912}.Ad-Hoc|iPhone.ActiveCfg = Release|x86
		{EFCFF20B-5D23-48F1-A3F7-94801825A912}.Ad-Hoc|iPhone.Build.0 = Release|x86
		{EFCFF20B-5D23-48F1-A3F7-94801825A912}.Ad-Hoc|iPhone.Deploy.0 = Release|x86
		{EFCFF20B-5D23-48F1-A3F7-94801825A912}.Ad-Hoc|iPhoneSimulator.ActiveCfg = Release|x86
		{EFCFF20B-5D23-48F1-A3F7-94801825A912}.Ad-Hoc|iPhoneSimulator.Build.0 = Release|x86
		{EFCFF20B-5D23-48F1-A3F7-94801825A912}.Ad-Hoc|iPhoneSimulator.Deploy.0 = Release|x86
		{EFCFF20B-5D23-48F1-A3F7-94801825A912}.Ad-Hoc|x64.ActiveCfg = Release|x64
		{EFCFF20B-5D23-48F1-A3F7-94801825A912}.Ad-Hoc|x64.Build.0 = Release|x64
		{EFCFF20B-5D23-48F1-A3F7-94801825A912}.Ad-Hoc|x64.Deploy.0 = Release|x64
		{EFCFF20B-5D23-48F1-A3F7-94801825A912}.Ad-Hoc|x86.ActiveCfg = Release|x86
		{EFCFF20B-5D23-48F1-A3F7-94801825A912}.Ad-Hoc|x86.Build.0 = Release|x86
		{EFCFF20B-5D23-48F1-A3F7-94801825A912}.Ad-Hoc|x86.Deploy.0 = Release|x86
		{EFCFF20B-5D23-48F1-A3F7-94801825A912}.AppStore|Any CPU.ActiveCfg = Release|x86
		{EFCFF20B-5D23-48F1-A3F7-94801825A912}.AppStore|Any CPU.Build.0 = Release|x86
		{EFCFF20B-5D23-48F1-A3F7-94801825A912}.AppStore|Any CPU.Deploy.0 = Release|x86
		{EFCFF20B-5D23-48F1-A3F7-94801825A912}.AppStore|ARM.ActiveCfg = Release|ARM
		{EFCFF20B-5D23-48F1-A3F7-94801825A912}.AppStore|ARM.Build.0 = Release|ARM
		{EFCFF20B-5D23-48F1-A3F7-94801825A912}.AppStore|ARM.Deploy.0 = Release|ARM
		{EFCFF20B-5D23-48F1-A3F7-94801825A912}.AppStore|iPhone.ActiveCfg = Release|x86
		{EFCFF20B-5D23-48F1-A3F7-94801825A912}.AppStore|iPhone.Build.0 = Release|x86
		{EFCFF20B-5D23-48F1-A3F7-94801825A912}.AppStore|iPhone.Deploy.0 = Release|x86
		{EFCFF20B-5D23-48F1-A3F7-94801825A912}.AppStore|iPhoneSimulator.ActiveCfg = Release|x86
		{EFCFF20B-5D23-48F1-A3F7-94801825A912}.AppStore|iPhoneSimulator.Build.0 = Release|x86
		{EFCFF20B-5D23-48F1-A3F7-94801825A912}.AppStore|iPhoneSimulator.Deploy.0 = Release|x86
		{EFCFF20B-5D23-48F1-A3F7-94801825A912}.AppStore|x64.ActiveCfg = Release|x64
		{EFCFF20B-5D23-48F1-A3F7-94801825A912}.AppStore|x64.Build.0 = Release|x64
		{EFCFF20B-5D23-48F1-A3F7-94801825A912}.AppStore|x64.Deploy.0 = Release|x64
		{EFCFF20B-5D23-48F1-A3F7-94801825A912}.AppStore|x86.ActiveCfg = Release|x86
		{EFCFF20B-5D23-48F1-A3F7-94801825A912}.AppStore|x86.Build.0 = Release|x86
		{EFCFF20B-5D23-48F1-A3F7-94801825A912}.AppStore|x86.Deploy.0 = Release|x86
		{EFCFF20B-5D23-48F1-A3F7-94801825A912}.Debug|Any CPU.ActiveCfg = Debug|x86
		{EFCFF20B-5D23-48F1-A3F7-94801825A912}.Debug|Any CPU.Build.0 = Debug|x86
		{EFCFF20B-5D23-48F1-A3F7-94801825A912}.Debug|Any CPU.Deploy.0 = Debug|x86
		{EFCFF20B-5D23-48F1-A3F7-94801825A912}.Debug|ARM.ActiveCfg = Debug|ARM
		{EFCFF20B-5D23-48F1-A3F7-94801825A912}.Debug|ARM.Build.0 = Debug|ARM
		{EFCFF20B-5D23-48F1-A3F7-94801825A912}.Debug|ARM.Deploy.0 = Debug|ARM
		{EFCFF20B-5D23-48F1-A3F7-94801825A912}.Debug|iPhone.ActiveCfg = Debug|x86
		{EFCFF20B-5D23-48F1-A3F7-94801825A912}.Debug|iPhoneSimulator.ActiveCfg = Debug|x86
		{EFCFF20B-5D23-48F1-A3F7-94801825A912}.Debug|x64.ActiveCfg = Debug|x64
		{EFCFF20B-5D23-48F1-A3F7-94801825A912}.Debug|x64.Build.0 = Debug|x64
		{EFCFF20B-5D23-48F1-A3F7-94801825A912}.Debug|x64.Deploy.0 = Debug|x64
		{EFCFF20B-5D23-48F1-A3F7-94801825A912}.Debug|x86.ActiveCfg = Debug|x86
		{EFCFF20B-5D23-48F1-A3F7-94801825A912}.Debug|x86.Build.0 = Debug|x86
		{EFCFF20B-5D23-48F1-A3F7-94801825A912}.Debug|x86.Deploy.0 = Debug|x86
		{EFCFF20B-5D23-48F1-A3F7-94801825A912}.Release|Any CPU.ActiveCfg = Release|x86
		{EFCFF20B-5D23-48F1-A3F7-94801825A912}.Release|ARM.ActiveCfg = Release|ARM
		{EFCFF20B-5D23-48F1-A3F7-94801825A912}.Release|ARM.Build.0 = Release|ARM
		{EFCFF20B-5D23-48F1-A3F7-94801825A912}.Release|ARM.Deploy.0 = Release|ARM
		{EFCFF20B-5D23-48F1-A3F7-94801825A912}.Release|iPhone.ActiveCfg = Release|x86
		{EFCFF20B-5D23-48F1-A3F7-94801825A912}.Release|iPhoneSimulator.ActiveCfg = Release|x86
		{EFCFF20B-5D23-48F1-A3F7-94801825A912}.Release|x64.ActiveCfg = Release|x64
		{EFCFF20B-5D23-48F1-A3F7-94801825A912}.Release|x64.Build.0 = Release|x64
		{EFCFF20B-5D23-48F1-A3F7-94801825A912}.Release|x64.Deploy.0 = Release|x64
		{EFCFF20B-5D23-48F1-A3F7-94801825A912}.Release|x86.ActiveCfg = Release|x86
		{EFCFF20B-5D23-48F1-A3F7-94801825A912}.Release|x86.Build.0 = Release|x86
		{EFCFF20B-5D23-48F1-A3F7-94801825A912}.Release|x86.Deploy.0 = Release|x86
		{325AFA03-E26B-49AB-9D88-F05871FEA1FB}.Ad-Hoc|Any CPU.ActiveCfg = Ad-Hoc|iPhone
		{325AFA03-E26B-49AB-9D88-F05871FEA1FB}.Ad-Hoc|ARM.ActiveCfg = Ad-Hoc|iPhone
		{325AFA03-E26B-49AB-9D88-F05871FEA1FB}.Ad-Hoc|iPhone.ActiveCfg = Ad-Hoc|iPhone
		{325AFA03-E26B-49AB-9D88-F05871FEA1FB}.Ad-Hoc|iPhone.Build.0 = Ad-Hoc|iPhone
		{325AFA03-E26B-49AB-9D88-F05871FEA1FB}.Ad-Hoc|iPhoneSimulator.ActiveCfg = Ad-Hoc|iPhoneSimulator
		{325AFA03-E26B-49AB-9D88-F05871FEA1FB}.Ad-Hoc|iPhoneSimulator.Build.0 = Ad-Hoc|iPhoneSimulator
		{325AFA03-E26B-49AB-9D88-F05871FEA1FB}.Ad-Hoc|x64.ActiveCfg = Ad-Hoc|iPhone
		{325AFA03-E26B-49AB-9D88-F05871FEA1FB}.Ad-Hoc|x86.ActiveCfg = Ad-Hoc|iPhone
		{325AFA03-E26B-49AB-9D88-F05871FEA1FB}.AppStore|Any CPU.ActiveCfg = AppStore|iPhone
		{325AFA03-E26B-49AB-9D88-F05871FEA1FB}.AppStore|ARM.ActiveCfg = AppStore|iPhone
		{325AFA03-E26B-49AB-9D88-F05871FEA1FB}.AppStore|iPhone.ActiveCfg = AppStore|iPhone
		{325AFA03-E26B-49AB-9D88-F05871FEA1FB}.AppStore|iPhone.Build.0 = AppStore|iPhone
		{325AFA03-E26B-49AB-9D88-F05871FEA1FB}.AppStore|iPhoneSimulator.ActiveCfg = AppStore|iPhoneSimulator
		{325AFA03-E26B-49AB-9D88-F05871FEA1FB}.AppStore|iPhoneSimulator.Build.0 = AppStore|iPhoneSimulator
		{325AFA03-E26B-49AB-9D88-F05871FEA1FB}.AppStore|x64.ActiveCfg = AppStore|iPhone
		{325AFA03-E26B-49AB-9D88-F05871FEA1FB}.AppStore|x86.ActiveCfg = AppStore|iPhone
		{325AFA03-E26B-49AB-9D88-F05871FEA1FB}.Debug|Any CPU.ActiveCfg = Debug|iPhone
		{325AFA03-E26B-49AB-9D88-F05871FEA1FB}.Debug|ARM.ActiveCfg = Debug|iPhone
		{325AFA03-E26B-49AB-9D88-F05871FEA1FB}.Debug|iPhone.ActiveCfg = Debug|iPhone
		{325AFA03-E26B-49AB-9D88-F05871FEA1FB}.Debug|iPhone.Build.0 = Debug|iPhone
		{325AFA03-E26B-49AB-9D88-F05871FEA1FB}.Debug|iPhoneSimulator.ActiveCfg = Debug|iPhoneSimulator
		{325AFA03-E26B-49AB-9D88-F05871FEA1FB}.Debug|iPhoneSimulator.Build.0 = Debug|iPhoneSimulator
		{325AFA03-E26B-49AB-9D88-F05871FEA1FB}.Debug|x64.ActiveCfg = Debug|iPhone
		{325AFA03-E26B-49AB-9D88-F05871FEA1FB}.Debug|x86.ActiveCfg = Debug|iPhone
		{325AFA03-E26B-49AB-9D88-F05871FEA1FB}.Release|Any CPU.ActiveCfg = Release|iPhone
		{325AFA03-E26B-49AB-9D88-F05871FEA1FB}.Release|ARM.ActiveCfg = Release|iPhone
		{325AFA03-E26B-49AB-9D88-F05871FEA1FB}.Release|iPhone.ActiveCfg = Release|iPhone
		{325AFA03-E26B-49AB-9D88-F05871FEA1FB}.Release|iPhone.Build.0 = Release|iPhone
		{325AFA03-E26B-49AB-9D88-F05871FEA1FB}.Release|iPhoneSimulator.ActiveCfg = Release|iPhoneSimulator
		{325AFA03-E26B-49AB-9D88-F05871FEA1FB}.Release|iPhoneSimulator.Build.0 = Release|iPhoneSimulator
		{325AFA03-E26B-49AB-9D88-F05871FEA1FB}.Release|x64.ActiveCfg = Release|iPhone
		{325AFA03-E26B-49AB-9D88-F05871FEA1FB}.Release|x86.ActiveCfg = Release|iPhone
	EndGlobalSection
	GlobalSection(SolutionProperties) = preSolution
		HideSolutionNode = FALSE
	EndGlobalSection
EndGlobal
